
Microsoft Visual Studio Solution File, Format Version 12.00
# Visual Studio Version 16
VisualStudioVersion = 16.0.31727.386
MinimumVisualStudioVersion = 10.0.40219.1
Project("{FAE04EC0-301F-11D3-BF4B-00C04F79EFBC}") = "HTTPConsole", "HTTPConsole.csproj", "{43A165B2-894D-44DB-8726-0C36D154B4B9}"
EndProject
Global
	GlobalSection(SolutionConfigurationPlatforms) = preSolution
		Debug|Any CPU = Debug|Any CPU
		Release|Any CPU = Release|Any CPU
	EndGlobalSection
	GlobalSection(ProjectConfigurationPlatforms) = postSolution
		{43A165B2-894D-44DB-8726-0C36D154B4B9}.Debug|Any CPU.ActiveCfg = Debug|Any CPU
		{43A165B2-894D-44DB-8726-0C36D154B4B9}.Debug|Any CPU.Build.0 = Debug|Any CPU
		{43A165B2-894D-44DB-8726-0C36D154B4B9}.Release|Any CPU.ActiveCfg = Release|Any CPU
		{43A165B2-894D-44DB-8726-0C36D154B4B9}.Release|Any CPU.Build.0 = Release|Any CPU
	EndGlobalSection
	GlobalSection(SolutionProperties) = preSolution
		HideSolutionNode = FALSE
	EndGlobalSection
	GlobalSection(ExtensibilityGlobals) = postSolution
		SolutionGuid = {C632646C-0C8E-4DD7-9EEE-BD9A0C75AC51}
	EndGlobalSection
EndGlobal
